{
  "name": "wangting22-ui-test",
  "version": "1.0.1",
  "lockfileVersion": 2,
  "requires": true,
  "packages": {
    "": {
      "name": "wangting22-ui-test",
      "version": "1.0.1",
      "license": "ISC",
      "dependencies": {
        "wangting22-ui-test": "^1.0.1"
      }
    },
    "node_modules/wangting22-ui-test": {
      "version": "1.0.1",
      "resolved": "https://registry.npmjs.org/wangting22-ui-test/-/wangting22-ui-test-1.0.1.tgz",
      "integrity": "sha512-ogIugDr9ssgeD19d4LolCCQF93zNYbl6tb1R1YmL3EJgDDL87LyKI0pOOu+44aG3Z1r+xSfelKj+RsyJsSXuGA=="
    }
  },
  "dependencies": {
    "wangting22-ui-test": {
      "version": "1.0.1",
      "resolved": "https://registry.npmjs.org/wangting22-ui-test/-/wangting22-ui-test-1.0.1.tgz",
      "integrity": "sha512-ogIugDr9ssgeD19d4LolCCQF93zNYbl6tb1R1YmL3EJgDDL87LyKI0pOOu+44aG3Z1r+xSfelKj+RsyJsSXuGA=="
    }
  }
}
